
Microsoft Visual Studio Solution File, Format Version 12.00
# Visual Studio Version 17
VisualStudioVersion = 17.9.34723.18
MinimumVisualStudioVersion = 10.0.40219.1
Project("{9A19103F-16F7-4668-BE54-9A1E7A4F7556}") = "PSTDotNetCore.ConsoleApp", "PSTDotNetCore.ConsoleApp\PSTDotNetCore.ConsoleApp.csproj", "{5EEF2798-F212-4109-B616-B45319F83538}"
EndProject
Project("{2150E333-8FDC-42A3-9474-1A3956D46DE8}") = "Documents", "Documents", "{58F72437-AC40-4C73-946E-C3B7DC4E61E5}"
	ProjectSection(SolutionItems) = preProject
		C:\Users\User\Documents\PSTDotNetCore.sql = C:\Users\User\Documents\PSTDotNetCore.sql
		README.md = README.md
	EndProjectSection
EndProject
Global
	GlobalSection(SolutionConfigurationPlatforms) = preSolution
		Debug|Any CPU = Debug|Any CPU
		Release|Any CPU = Release|Any CPU
	EndGlobalSection
	GlobalSection(ProjectConfigurationPlatforms) = postSolution
		{5EEF2798-F212-4109-B616-B45319F83538}.Debug|Any CPU.ActiveCfg = Debug|Any CPU
		{5EEF2798-F212-4109-B616-B45319F83538}.Debug|Any CPU.Build.0 = Debug|Any CPU
		{5EEF2798-F212-4109-B616-B45319F83538}.Release|Any CPU.ActiveCfg = Release|Any CPU
		{5EEF2798-F212-4109-B616-B45319F83538}.Release|Any CPU.Build.0 = Release|Any CPU
	EndGlobalSection
	GlobalSection(SolutionProperties) = preSolution
		HideSolutionNode = FALSE
	EndGlobalSection
	GlobalSection(ExtensibilityGlobals) = postSolution
		SolutionGuid = {BEB633EF-E9CF-4058-BF70-A3BCCC78126E}
	EndGlobalSection
EndGlobal
