
Microsoft Visual Studio Solution File, Format Version 12.00
# Visual Studio Version 17
VisualStudioVersion = 17.9.34723.18
MinimumVisualStudioVersion = 10.0.40219.1
Project("{9A19103F-16F7-4668-BE54-9A1E7A4F7556}") = "PSTDotNetCore.ConsoleApp", "PSTDotNetCore.ConsoleApp\PSTDotNetCore.ConsoleApp.csproj", "{5EEF2798-F212-4109-B616-B45319F83538}"
EndProject
Project("{2150E333-8FDC-42A3-9474-1A3956D46DE8}") = "Documents", "Documents", "{58F72437-AC40-4C73-946E-C3B7DC4E61E5}"
	ProjectSection(SolutionItems) = preProject
		PSTDotNetCore.sql = PSTDotNetCore.sql
		README.md = README.md
	EndProjectSection
EndProject
Project("{9A19103F-16F7-4668-BE54-9A1E7A4F7556}") = "PSTDotNetCore.RestApi", "PSTDotNetCore.RestApi\PSTDotNetCore.RestApi.csproj", "{EC34B645-7380-4FCF-AEA6-FB3806B1AAAD}"
EndProject
Project("{9A19103F-16F7-4668-BE54-9A1E7A4F7556}") = "PSTDotNetCore.Shared", "PSTDotNetCore.Shared\PSTDotNetCore.Shared.csproj", "{8E9471E2-3D04-4283-8455-BAF4D55B64B0}"
EndProject
Project("{9A19103F-16F7-4668-BE54-9A1E7A4F7556}") = "PSTDotNetCore.RestApiWithNLayer", "PSTDotNetCore.RestApiwithNLayer\PSTDotNetCore.RestApiWithNLayer.csproj", "{C5442529-D4D2-484E-AA93-2D0C28715884}"
EndProject
Project("{9A19103F-16F7-4668-BE54-9A1E7A4F7556}") = "PSTDotNetCore.ConsoleAppHttpClient", "PSTDotNetCore.ConsoleAppHttpClient\PSTDotNetCore.ConsoleAppHttpClient.csproj", "{01D0E4A6-3511-4E73-AB08-08BAF356837E}"
EndProject
Project("{9A19103F-16F7-4668-BE54-9A1E7A4F7556}") = "PSTDotNetCore.ConsoleAppHttpClientExample", "PSTDotNetCore.ConsoleAppHttpClientExample\PSTDotNetCore.ConsoleAppHttpClientExample.csproj", "{39E3C2E4-8823-4C72-80ED-B7CA46F12107}"
EndProject
Project("{9A19103F-16F7-4668-BE54-9A1E7A4F7556}") = "PSTDotNetCore.ConsoleAppRestClientExample", "PSTDotNetCore.ConsoleAppRestClientExample\PSTDotNetCore.ConsoleAppRestClientExample.csproj", "{459EEB9C-E18C-4D80-91A3-1B4490E21755}"
EndProject
Project("{9A19103F-16F7-4668-BE54-9A1E7A4F7556}") = "PSTDotNetCore.BaganMap", "PSTDotNetCore.BaganMap\PSTDotNetCore.BaganMap.csproj", "{91A77DC9-C850-4E59-95F3-D84B756FFD81}"
EndProject
Project("{9A19103F-16F7-4668-BE54-9A1E7A4F7556}") = "PSTDotNetCore.PizzaApi", "PSTDotNetCore.PizzaApi\PSTDotNetCore.PizzaApi.csproj", "{E098B2EF-C119-43D6-8BC9-3E0E77CF190F}"
EndProject
Project("{9A19103F-16F7-4668-BE54-9A1E7A4F7556}") = "PSTDotNetCore.ConsoleAppRefitExamples", "PSTDotNetCore.ConsoleAppRefitExamples\PSTDotNetCore.ConsoleAppRefitExamples.csproj", "{C450C274-AF74-47EC-9B1B-BC1916C2C4BE}"
EndProject
Project("{9A19103F-16F7-4668-BE54-9A1E7A4F7556}") = "PSTDotNetCore.WinFormsApp", "PSTDotNetCore.WinFormsApp\PSTDotNetCore.WinFormsApp.csproj", "{35951058-DDA1-42B8-9378-6AD936B1DD16}"
EndProject
Project("{9A19103F-16F7-4668-BE54-9A1E7A4F7556}") = "PSTDotNetCore.WinFormsAppSqlInjection", "PSTDotNetCore.WinFormsAppSqlInjection\PSTDotNetCore.WinFormsAppSqlInjection.csproj", "{00572D30-68E6-4B2C-9989-C45D59449FC7}"
EndProject
Project("{9A19103F-16F7-4668-BE54-9A1E7A4F7556}") = "PSTDotNetCore.NLayer.UI", "PSTDotNetCore.NLayer.UI\PSTDotNetCore.NLayer.UI.csproj", "{2E27532F-D12B-40BF-9A5B-BAF923003716}"
EndProject
Project("{9A19103F-16F7-4668-BE54-9A1E7A4F7556}") = "PSTDotNetCore.NLayer.BusinessLogic", "PSTDotNetCore.NLayer.BusinessLogic\PSTDotNetCore.NLayer.BusinessLogic.csproj", "{8D29FD3D-33AA-4842-BD22-41C7BD152AC5}"
EndProject
Project("{9A19103F-16F7-4668-BE54-9A1E7A4F7556}") = "PSTDotNetCore.NLayer.DataAccess", "PSTDotNetCore.NLayer.DataAccess\PSTDotNetCore.NLayer.DataAccess.csproj", "{BA0F7061-3A4C-4F5A-97D9-6DD9B9C302C4}"
EndProject
Project("{2150E333-8FDC-42A3-9474-1A3956D46DE8}") = "PSTDotNetCore.Html", "PSTDotNetCore.Html", "{231DAF4A-1260-4442-B93B-B620B5E68CCB}"
	ProjectSection(SolutionItems) = preProject
		C:\xampp\htdocs\html\blog.js = C:\xampp\htdocs\html\blog.js
		C:\xampp\htdocs\html\index.html = C:\xampp\htdocs\html\index.html
	EndProjectSection
EndProject
Global
	GlobalSection(SolutionConfigurationPlatforms) = preSolution
		Debug|Any CPU = Debug|Any CPU
		Release|Any CPU = Release|Any CPU
	EndGlobalSection
	GlobalSection(ProjectConfigurationPlatforms) = postSolution
		{5EEF2798-F212-4109-B616-B45319F83538}.Debug|Any CPU.ActiveCfg = Debug|Any CPU
		{5EEF2798-F212-4109-B616-B45319F83538}.Debug|Any CPU.Build.0 = Debug|Any CPU
		{5EEF2798-F212-4109-B616-B45319F83538}.Release|Any CPU.ActiveCfg = Release|Any CPU
		{5EEF2798-F212-4109-B616-B45319F83538}.Release|Any CPU.Build.0 = Release|Any CPU
		{EC34B645-7380-4FCF-AEA6-FB3806B1AAAD}.Debug|Any CPU.ActiveCfg = Debug|Any CPU
		{EC34B645-7380-4FCF-AEA6-FB3806B1AAAD}.Debug|Any CPU.Build.0 = Debug|Any CPU
		{EC34B645-7380-4FCF-AEA6-FB3806B1AAAD}.Release|Any CPU.ActiveCfg = Release|Any CPU
		{EC34B645-7380-4FCF-AEA6-FB3806B1AAAD}.Release|Any CPU.Build.0 = Release|Any CPU
		{8E9471E2-3D04-4283-8455-BAF4D55B64B0}.Debug|Any CPU.ActiveCfg = Debug|Any CPU
		{8E9471E2-3D04-4283-8455-BAF4D55B64B0}.Debug|Any CPU.Build.0 = Debug|Any CPU
		{8E9471E2-3D04-4283-8455-BAF4D55B64B0}.Release|Any CPU.ActiveCfg = Release|Any CPU
		{8E9471E2-3D04-4283-8455-BAF4D55B64B0}.Release|Any CPU.Build.0 = Release|Any CPU
		{C5442529-D4D2-484E-AA93-2D0C28715884}.Debug|Any CPU.ActiveCfg = Debug|Any CPU
		{C5442529-D4D2-484E-AA93-2D0C28715884}.Debug|Any CPU.Build.0 = Debug|Any CPU
		{C5442529-D4D2-484E-AA93-2D0C28715884}.Release|Any CPU.ActiveCfg = Release|Any CPU
		{C5442529-D4D2-484E-AA93-2D0C28715884}.Release|Any CPU.Build.0 = Release|Any CPU
		{01D0E4A6-3511-4E73-AB08-08BAF356837E}.Debug|Any CPU.ActiveCfg = Debug|Any CPU
		{01D0E4A6-3511-4E73-AB08-08BAF356837E}.Debug|Any CPU.Build.0 = Debug|Any CPU
		{01D0E4A6-3511-4E73-AB08-08BAF356837E}.Release|Any CPU.ActiveCfg = Release|Any CPU
		{01D0E4A6-3511-4E73-AB08-08BAF356837E}.Release|Any CPU.Build.0 = Release|Any CPU
		{39E3C2E4-8823-4C72-80ED-B7CA46F12107}.Debug|Any CPU.ActiveCfg = Debug|Any CPU
		{39E3C2E4-8823-4C72-80ED-B7CA46F12107}.Debug|Any CPU.Build.0 = Debug|Any CPU
		{39E3C2E4-8823-4C72-80ED-B7CA46F12107}.Release|Any CPU.ActiveCfg = Release|Any CPU
		{39E3C2E4-8823-4C72-80ED-B7CA46F12107}.Release|Any CPU.Build.0 = Release|Any CPU
		{459EEB9C-E18C-4D80-91A3-1B4490E21755}.Debug|Any CPU.ActiveCfg = Debug|Any CPU
		{459EEB9C-E18C-4D80-91A3-1B4490E21755}.Debug|Any CPU.Build.0 = Debug|Any CPU
		{459EEB9C-E18C-4D80-91A3-1B4490E21755}.Release|Any CPU.ActiveCfg = Release|Any CPU
		{459EEB9C-E18C-4D80-91A3-1B4490E21755}.Release|Any CPU.Build.0 = Release|Any CPU
		{91A77DC9-C850-4E59-95F3-D84B756FFD81}.Debug|Any CPU.ActiveCfg = Debug|Any CPU
		{91A77DC9-C850-4E59-95F3-D84B756FFD81}.Debug|Any CPU.Build.0 = Debug|Any CPU
		{91A77DC9-C850-4E59-95F3-D84B756FFD81}.Release|Any CPU.ActiveCfg = Release|Any CPU
		{91A77DC9-C850-4E59-95F3-D84B756FFD81}.Release|Any CPU.Build.0 = Release|Any CPU
		{E098B2EF-C119-43D6-8BC9-3E0E77CF190F}.Debug|Any CPU.ActiveCfg = Debug|Any CPU
		{E098B2EF-C119-43D6-8BC9-3E0E77CF190F}.Debug|Any CPU.Build.0 = Debug|Any CPU
		{E098B2EF-C119-43D6-8BC9-3E0E77CF190F}.Release|Any CPU.ActiveCfg = Release|Any CPU
		{E098B2EF-C119-43D6-8BC9-3E0E77CF190F}.Release|Any CPU.Build.0 = Release|Any CPU
		{C450C274-AF74-47EC-9B1B-BC1916C2C4BE}.Debug|Any CPU.ActiveCfg = Debug|Any CPU
		{C450C274-AF74-47EC-9B1B-BC1916C2C4BE}.Debug|Any CPU.Build.0 = Debug|Any CPU
		{C450C274-AF74-47EC-9B1B-BC1916C2C4BE}.Release|Any CPU.ActiveCfg = Release|Any CPU
		{C450C274-AF74-47EC-9B1B-BC1916C2C4BE}.Release|Any CPU.Build.0 = Release|Any CPU
		{35951058-DDA1-42B8-9378-6AD936B1DD16}.Debug|Any CPU.ActiveCfg = Debug|Any CPU
		{35951058-DDA1-42B8-9378-6AD936B1DD16}.Debug|Any CPU.Build.0 = Debug|Any CPU
		{35951058-DDA1-42B8-9378-6AD936B1DD16}.Release|Any CPU.ActiveCfg = Release|Any CPU
		{35951058-DDA1-42B8-9378-6AD936B1DD16}.Release|Any CPU.Build.0 = Release|Any CPU
		{00572D30-68E6-4B2C-9989-C45D59449FC7}.Debug|Any CPU.ActiveCfg = Debug|Any CPU
		{00572D30-68E6-4B2C-9989-C45D59449FC7}.Debug|Any CPU.Build.0 = Debug|Any CPU
		{00572D30-68E6-4B2C-9989-C45D59449FC7}.Release|Any CPU.ActiveCfg = Release|Any CPU
		{00572D30-68E6-4B2C-9989-C45D59449FC7}.Release|Any CPU.Build.0 = Release|Any CPU
		{2E27532F-D12B-40BF-9A5B-BAF923003716}.Debug|Any CPU.ActiveCfg = Debug|Any CPU
		{2E27532F-D12B-40BF-9A5B-BAF923003716}.Debug|Any CPU.Build.0 = Debug|Any CPU
		{2E27532F-D12B-40BF-9A5B-BAF923003716}.Release|Any CPU.ActiveCfg = Release|Any CPU
		{2E27532F-D12B-40BF-9A5B-BAF923003716}.Release|Any CPU.Build.0 = Release|Any CPU
		{8D29FD3D-33AA-4842-BD22-41C7BD152AC5}.Debug|Any CPU.ActiveCfg = Debug|Any CPU
		{8D29FD3D-33AA-4842-BD22-41C7BD152AC5}.Debug|Any CPU.Build.0 = Debug|Any CPU
		{8D29FD3D-33AA-4842-BD22-41C7BD152AC5}.Release|Any CPU.ActiveCfg = Release|Any CPU
		{8D29FD3D-33AA-4842-BD22-41C7BD152AC5}.Release|Any CPU.Build.0 = Release|Any CPU
		{BA0F7061-3A4C-4F5A-97D9-6DD9B9C302C4}.Debug|Any CPU.ActiveCfg = Debug|Any CPU
		{BA0F7061-3A4C-4F5A-97D9-6DD9B9C302C4}.Debug|Any CPU.Build.0 = Debug|Any CPU
		{BA0F7061-3A4C-4F5A-97D9-6DD9B9C302C4}.Release|Any CPU.ActiveCfg = Release|Any CPU
		{BA0F7061-3A4C-4F5A-97D9-6DD9B9C302C4}.Release|Any CPU.Build.0 = Release|Any CPU
	EndGlobalSection
	GlobalSection(SolutionProperties) = preSolution
		HideSolutionNode = FALSE
	EndGlobalSection
	GlobalSection(ExtensibilityGlobals) = postSolution
		SolutionGuid = {BEB633EF-E9CF-4058-BF70-A3BCCC78126E}
	EndGlobalSection
EndGlobal
